
Microsoft Visual Studio Solution File, Format Version 12.00
# Visual Studio Version 17
VisualStudioVersion = 17.10.35027.167
MinimumVisualStudioVersion = 10.0.40219.1
Project("{FAE04EC0-301F-11D3-BF4B-00C04F79EFBC}") = "ShopMarket Web API", "ShopMarket Web API\ShopMarket Web API.csproj", "{EAD77BCC-52E0-49C9-99F7-435369E9AE5D}"
EndProject
Global
	GlobalSection(SolutionConfigurationPlatforms) = preSolution
		Debug|Any CPU = Debug|Any CPU
		Release|Any CPU = Release|Any CPU
	EndGlobalSection
	GlobalSection(ProjectConfigurationPlatforms) = postSolution
		{EAD77BCC-52E0-49C9-99F7-435369E9AE5D}.Debug|Any CPU.ActiveCfg = Debug|Any CPU
		{EAD77BCC-52E0-49C9-99F7-435369E9AE5D}.Debug|Any CPU.Build.0 = Debug|Any CPU
		{EAD77BCC-52E0-49C9-99F7-435369E9AE5D}.Release|Any CPU.ActiveCfg = Release|Any CPU
		{EAD77BCC-52E0-49C9-99F7-435369E9AE5D}.Release|Any CPU.Build.0 = Release|Any CPU
	EndGlobalSection
	GlobalSection(SolutionProperties) = preSolution
		HideSolutionNode = FALSE
	EndGlobalSection
	GlobalSection(ExtensibilityGlobals) = postSolution
		SolutionGuid = {F860962E-2627-4F51-B38D-BFFD12B99DAE}
	EndGlobalSection
EndGlobal
